
Microsoft Visual Studio Solution File, Format Version 12.00
# Visual Studio for Mac
Project("{FAE04EC0-301F-11D3-BF4B-00C04F79EFBC}") = "Assembly-CSharp", "Assembly-CSharp.csproj", "{CCAF7FAC-1232-58A9-9489-862785DFFD8D}"
EndProject
Project("{FAE04EC0-301F-11D3-BF4B-00C04F79EFBC}") = "Assembly-CSharp-Editor", "Assembly-CSharp-Editor.csproj", "{8096DF33-E38D-A7E7-4DDF-A20EC2E0AC0F}"
EndProject
Global
	GlobalSection(SolutionConfigurationPlatforms) = preSolution
		Debug|Any CPU = Debug|Any CPU
		Release|Any CPU = Release|Any CPU
	EndGlobalSection
	GlobalSection(ProjectConfigurationPlatforms) = postSolution
		{CCAF7FAC-1232-58A9-9489-862785DFFD8D}.Debug|Any CPU.ActiveCfg = Debug|Any CPU
		{CCAF7FAC-1232-58A9-9489-862785DFFD8D}.Debug|Any CPU.Build.0 = Debug|Any CPU
		{CCAF7FAC-1232-58A9-9489-862785DFFD8D}.Release|Any CPU.ActiveCfg = Release|Any CPU
		{CCAF7FAC-1232-58A9-9489-862785DFFD8D}.Release|Any CPU.Build.0 = Release|Any CPU
		{8096DF33-E38D-A7E7-4DDF-A20EC2E0AC0F}.Debug|Any CPU.ActiveCfg = Debug|Any CPU
		{8096DF33-E38D-A7E7-4DDF-A20EC2E0AC0F}.Debug|Any CPU.Build.0 = Debug|Any CPU
		{8096DF33-E38D-A7E7-4DDF-A20EC2E0AC0F}.Release|Any CPU.ActiveCfg = Release|Any CPU
		{8096DF33-E38D-A7E7-4DDF-A20EC2E0AC0F}.Release|Any CPU.Build.0 = Release|Any CPU
	EndGlobalSection
	GlobalSection(SolutionProperties) = preSolution
		HideSolutionNode = FALSE
	EndGlobalSection
EndGlobal
